
Microsoft Visual Studio Solution File, Format Version 12.00
# Visual Studio Version 16
VisualStudioVersion = 16.0.30413.136
MinimumVisualStudioVersion = 10.0.40219.1
Project("{FAE04EC0-301F-11D3-BF4B-00C04F79EFBC}") = "Commander", "Commander\Commander.csproj", "{F4B675A6-DEBA-4B07-A29C-F948B80946CC}"
EndProject
Global
	GlobalSection(SolutionConfigurationPlatforms) = preSolution
		Debug|Any CPU = Debug|Any CPU
		Release|Any CPU = Release|Any CPU
	EndGlobalSection
	GlobalSection(ProjectConfigurationPlatforms) = postSolution
		{F4B675A6-DEBA-4B07-A29C-F948B80946CC}.Debug|Any CPU.ActiveCfg = Debug|Any CPU
		{F4B675A6-DEBA-4B07-A29C-F948B80946CC}.Debug|Any CPU.Build.0 = Debug|Any CPU
		{F4B675A6-DEBA-4B07-A29C-F948B80946CC}.Release|Any CPU.ActiveCfg = Release|Any CPU
		{F4B675A6-DEBA-4B07-A29C-F948B80946CC}.Release|Any CPU.Build.0 = Release|Any CPU
	EndGlobalSection
	GlobalSection(SolutionProperties) = preSolution
		HideSolutionNode = FALSE
	EndGlobalSection
	GlobalSection(ExtensibilityGlobals) = postSolution
		SolutionGuid = {FB945325-5517-41F4-9694-47411DD7F5D3}
	EndGlobalSection
EndGlobal
